# THIS IS AN AUTOGENERATED FILE. DO NOT EDIT THIS FILE DIRECTLY.
# yarn lockfile v1


mobx-react-lite@^3.4.3:
  version "3.4.3"
  resolved "https://registry.yarnpkg.com/mobx-react-lite/-/mobx-react-lite-3.4.3.tgz#3a4c22c30bfaa8b1b2aa48d12b2ba811c0947ab7"
  integrity sha512-NkJREyFTSUXR772Qaai51BnE1voWx56LOL80xG7qkZr6vo8vEaLF3sz1JNUVh+rxmUzxYaqOhfuxTfqUh0FXUg==
