# THIS IS AN AUTOGENERATED FILE. DO NOT EDIT THIS FILE DIRECTLY.
# yarn lockfile v1


react-native-radio-buttons-group@^3.0.0:
  version "3.0.0"
  resolved "https://registry.yarnpkg.com/react-native-radio-buttons-group/-/react-native-radio-buttons-group-3.0.0.tgz#84bcfcde9a0f2d1a96186cc83f618d716ef2b0c1"
  integrity sha512-yE/LvpRMXD6swLGub9nyDdioMcNmUAeZ7J9j9im2G7oAjox4JmjrdIlznozJQ5ndb2/KoHSmi4fHHpZ1n9vOCw==
